
Microsoft Visual Studio Solution File, Format Version 12.00
# Visual Studio Version 17
VisualStudioVersion = 17.11.35327.3
MinimumVisualStudioVersion = 10.0.40219.1
Project("{FAE04EC0-301F-11D3-BF4B-00C04F79EFBC}") = "miniContabil", "miniContabil\miniContabil.csproj", "{4020C6E3-8524-44FF-9A11-CCFA77B2A6D4}"
EndProject
Project("{FAE04EC0-301F-11D3-BF4B-00C04F79EFBC}") = "CostulProductieProfitDDL", "CostulProductieProfitDDL\CostulProductieProfitDDL.csproj", "{B84506B6-8EC8-4FC5-B78D-CD79A05C0CB5}"
EndProject
Global
	GlobalSection(SolutionConfigurationPlatforms) = preSolution
		Debug|Any CPU = Debug|Any CPU
		Release|Any CPU = Release|Any CPU
	EndGlobalSection
	GlobalSection(ProjectConfigurationPlatforms) = postSolution
		{4020C6E3-8524-44FF-9A11-CCFA77B2A6D4}.Debug|Any CPU.ActiveCfg = Debug|Any CPU
		{4020C6E3-8524-44FF-9A11-CCFA77B2A6D4}.Debug|Any CPU.Build.0 = Debug|Any CPU
		{4020C6E3-8524-44FF-9A11-CCFA77B2A6D4}.Release|Any CPU.ActiveCfg = Release|Any CPU
		{4020C6E3-8524-44FF-9A11-CCFA77B2A6D4}.Release|Any CPU.Build.0 = Release|Any CPU
		{B84506B6-8EC8-4FC5-B78D-CD79A05C0CB5}.Debug|Any CPU.ActiveCfg = Debug|Any CPU
		{B84506B6-8EC8-4FC5-B78D-CD79A05C0CB5}.Debug|Any CPU.Build.0 = Debug|Any CPU
		{B84506B6-8EC8-4FC5-B78D-CD79A05C0CB5}.Release|Any CPU.ActiveCfg = Release|Any CPU
		{B84506B6-8EC8-4FC5-B78D-CD79A05C0CB5}.Release|Any CPU.Build.0 = Release|Any CPU
	EndGlobalSection
	GlobalSection(SolutionProperties) = preSolution
		HideSolutionNode = FALSE
	EndGlobalSection
	GlobalSection(ExtensibilityGlobals) = postSolution
		SolutionGuid = {5207E605-B686-437E-9B2D-73E3731987FB}
	EndGlobalSection
EndGlobal
